
Microsoft Visual Studio Solution File, Format Version 12.00
# Visual Studio Version 17
VisualStudioVersion = 17.2.32516.85
MinimumVisualStudioVersion = 10.0.40219.1
Project("{9A19103F-16F7-4668-BE54-9A1E7A4F7556}") = "WebApp.RealEstate", "RealEstate\WebApp.RealEstate.csproj", "{0BD770F2-0CB5-4A97-8372-DC0A434722C2}"
EndProject
Project("{2150E333-8FDC-42A3-9474-1A3956D46DE8}") = "Source", "Source", "{17BF9F65-64F2-44CA-91BB-728A551C1FD9}"
EndProject
Project("{2150E333-8FDC-42A3-9474-1A3956D46DE8}") = "Core", "Core", "{AD47AF50-6893-4B49-9C1B-99A80A6C3DA6}"
EndProject
Project("{2150E333-8FDC-42A3-9474-1A3956D46DE8}") = "Infrastructure", "Infrastructure", "{C0FE6A4C-E494-4938-9960-9E2984F69F86}"
EndProject
Project("{2150E333-8FDC-42A3-9474-1A3956D46DE8}") = "WebApp", "WebApp", "{AC84F58E-EE75-4E0C-81D1-6C87DB286E02}"
EndProject
Project("{9A19103F-16F7-4668-BE54-9A1E7A4F7556}") = "RealEstate.Core.Application", "RealEstate.Core.Application\RealEstate.Core.Application.csproj", "{F9D4068E-3C85-41F0-9255-47617C1C22E6}"
EndProject
Project("{9A19103F-16F7-4668-BE54-9A1E7A4F7556}") = "RealEstate.Core.Domain", "RealEstate.Core.Domain\RealEstate.Core.Domain.csproj", "{23ADE597-FACD-45F5-AD1A-3FEF099127AB}"
EndProject
Project("{9A19103F-16F7-4668-BE54-9A1E7A4F7556}") = "RealEstate.Infrastructure.Persistence", "RealEstate.Infrastructure.Persistence\RealEstate.Infrastructure.Persistence.csproj", "{BDABD9CE-0CE6-4ECA-B19C-04A5F960FDFC}"
EndProject
Project("{9A19103F-16F7-4668-BE54-9A1E7A4F7556}") = "RealEstate.Infrastructure.Identity", "RealEstate.Infrastructure.Identity\RealEstate.Infrastructure.Identity.csproj", "{8037C4D8-F5AB-4930-A7D3-90CA08328AC5}"
EndProject
Project("{9A19103F-16F7-4668-BE54-9A1E7A4F7556}") = "RealEstate.Infrastructure.Shared", "RealEstate.Infrastructure.Shared\RealEstate.Infrastructure.Shared.csproj", "{582C0B4D-C8E8-4F30-A0D5-B0C17C42CFFC}"
EndProject
Project("{2150E333-8FDC-42A3-9474-1A3956D46DE8}") = "Presentation", "Presentation", "{302640A8-01E6-4C2C-89CC-AA4A23F735D7}"
EndProject
Project("{2150E333-8FDC-42A3-9474-1A3956D46DE8}") = "WebApi", "WebApi", "{4A954F76-E81D-4E88-9647-A1627CA4EC85}"
EndProject
Project("{FAE04EC0-301F-11D3-BF4B-00C04F79EFBC}") = "RealEstateAPI.WebApi", "RealEstateAPI\RealEstateAPI.WebApi.csproj", "{FAA0F2FB-CAC0-4865-B7FF-3A6BB24CF0FC}"
EndProject
Global
	GlobalSection(SolutionConfigurationPlatforms) = preSolution
		Debug|Any CPU = Debug|Any CPU
		Release|Any CPU = Release|Any CPU
	EndGlobalSection
	GlobalSection(ProjectConfigurationPlatforms) = postSolution
		{0BD770F2-0CB5-4A97-8372-DC0A434722C2}.Debug|Any CPU.ActiveCfg = Debug|Any CPU
		{0BD770F2-0CB5-4A97-8372-DC0A434722C2}.Debug|Any CPU.Build.0 = Debug|Any CPU
		{0BD770F2-0CB5-4A97-8372-DC0A434722C2}.Release|Any CPU.ActiveCfg = Release|Any CPU
		{0BD770F2-0CB5-4A97-8372-DC0A434722C2}.Release|Any CPU.Build.0 = Release|Any CPU
		{F9D4068E-3C85-41F0-9255-47617C1C22E6}.Debug|Any CPU.ActiveCfg = Debug|Any CPU
		{F9D4068E-3C85-41F0-9255-47617C1C22E6}.Debug|Any CPU.Build.0 = Debug|Any CPU
		{F9D4068E-3C85-41F0-9255-47617C1C22E6}.Release|Any CPU.ActiveCfg = Release|Any CPU
		{F9D4068E-3C85-41F0-9255-47617C1C22E6}.Release|Any CPU.Build.0 = Release|Any CPU
		{23ADE597-FACD-45F5-AD1A-3FEF099127AB}.Debug|Any CPU.ActiveCfg = Debug|Any CPU
		{23ADE597-FACD-45F5-AD1A-3FEF099127AB}.Debug|Any CPU.Build.0 = Debug|Any CPU
		{23ADE597-FACD-45F5-AD1A-3FEF099127AB}.Release|Any CPU.ActiveCfg = Release|Any CPU
		{23ADE597-FACD-45F5-AD1A-3FEF099127AB}.Release|Any CPU.Build.0 = Release|Any CPU
		{BDABD9CE-0CE6-4ECA-B19C-04A5F960FDFC}.Debug|Any CPU.ActiveCfg = Debug|Any CPU
		{BDABD9CE-0CE6-4ECA-B19C-04A5F960FDFC}.Debug|Any CPU.Build.0 = Debug|Any CPU
		{BDABD9CE-0CE6-4ECA-B19C-04A5F960FDFC}.Release|Any CPU.ActiveCfg = Release|Any CPU
		{BDABD9CE-0CE6-4ECA-B19C-04A5F960FDFC}.Release|Any CPU.Build.0 = Release|Any CPU
		{8037C4D8-F5AB-4930-A7D3-90CA08328AC5}.Debug|Any CPU.ActiveCfg = Debug|Any CPU
		{8037C4D8-F5AB-4930-A7D3-90CA08328AC5}.Debug|Any CPU.Build.0 = Debug|Any CPU
		{8037C4D8-F5AB-4930-A7D3-90CA08328AC5}.Release|Any CPU.ActiveCfg = Release|Any CPU
		{8037C4D8-F5AB-4930-A7D3-90CA08328AC5}.Release|Any CPU.Build.0 = Release|Any CPU
		{582C0B4D-C8E8-4F30-A0D5-B0C17C42CFFC}.Debug|Any CPU.ActiveCfg = Debug|Any CPU
		{582C0B4D-C8E8-4F30-A0D5-B0C17C42CFFC}.Debug|Any CPU.Build.0 = Debug|Any CPU
		{582C0B4D-C8E8-4F30-A0D5-B0C17C42CFFC}.Release|Any CPU.ActiveCfg = Release|Any CPU
		{582C0B4D-C8E8-4F30-A0D5-B0C17C42CFFC}.Release|Any CPU.Build.0 = Release|Any CPU
		{FAA0F2FB-CAC0-4865-B7FF-3A6BB24CF0FC}.Debug|Any CPU.ActiveCfg = Debug|Any CPU
		{FAA0F2FB-CAC0-4865-B7FF-3A6BB24CF0FC}.Debug|Any CPU.Build.0 = Debug|Any CPU
		{FAA0F2FB-CAC0-4865-B7FF-3A6BB24CF0FC}.Release|Any CPU.ActiveCfg = Release|Any CPU
		{FAA0F2FB-CAC0-4865-B7FF-3A6BB24CF0FC}.Release|Any CPU.Build.0 = Release|Any CPU
	EndGlobalSection
	GlobalSection(SolutionProperties) = preSolution
		HideSolutionNode = FALSE
	EndGlobalSection
	GlobalSection(NestedProjects) = preSolution
		{0BD770F2-0CB5-4A97-8372-DC0A434722C2} = {AC84F58E-EE75-4E0C-81D1-6C87DB286E02}
		{AD47AF50-6893-4B49-9C1B-99A80A6C3DA6} = {17BF9F65-64F2-44CA-91BB-728A551C1FD9}
		{C0FE6A4C-E494-4938-9960-9E2984F69F86} = {17BF9F65-64F2-44CA-91BB-728A551C1FD9}
		{AC84F58E-EE75-4E0C-81D1-6C87DB286E02} = {302640A8-01E6-4C2C-89CC-AA4A23F735D7}
		{F9D4068E-3C85-41F0-9255-47617C1C22E6} = {AD47AF50-6893-4B49-9C1B-99A80A6C3DA6}
		{23ADE597-FACD-45F5-AD1A-3FEF099127AB} = {AD47AF50-6893-4B49-9C1B-99A80A6C3DA6}
		{BDABD9CE-0CE6-4ECA-B19C-04A5F960FDFC} = {C0FE6A4C-E494-4938-9960-9E2984F69F86}
		{8037C4D8-F5AB-4930-A7D3-90CA08328AC5} = {C0FE6A4C-E494-4938-9960-9E2984F69F86}
		{582C0B4D-C8E8-4F30-A0D5-B0C17C42CFFC} = {C0FE6A4C-E494-4938-9960-9E2984F69F86}
		{302640A8-01E6-4C2C-89CC-AA4A23F735D7} = {17BF9F65-64F2-44CA-91BB-728A551C1FD9}
		{4A954F76-E81D-4E88-9647-A1627CA4EC85} = {302640A8-01E6-4C2C-89CC-AA4A23F735D7}
		{FAA0F2FB-CAC0-4865-B7FF-3A6BB24CF0FC} = {4A954F76-E81D-4E88-9647-A1627CA4EC85}
	EndGlobalSection
	GlobalSection(ExtensibilityGlobals) = postSolution
		SolutionGuid = {4A9989A2-0FBD-4F33-9C4A-7A17863107E6}
	EndGlobalSection
EndGlobal
